version = 1
revision = 3
requires-python = ">=3.13"

[[package]]
name = "annotated-doc"
version = "0.0.5"
source = { registry = "https://pypi.ops.eblu.me/root/pypi/+simple/" }
sdist = { url = "https://pypi.ops.eblu.me/root/pypi/+f/c7e/58ce091925576/annotated_doc-0.0.5.tar.gz", hash = "sha256:c7e58ce09192557605d8bbd92836d7e1d520ac9580096042c0bfd197efacf1bb" }
wheels = [
    { url = "https://pypi.ops.eblu.me/root/pypi/+f/117/bac03a25ede5d/annotated_doc-0.0.5-py3-none-any.whl", hash = "sha256:117bac03a25ede5df5440e855b32d556049ca169ead221505badf432fed4b101" },
]

[[package]]
name = "anyio"
version = "4.15.1"
source = { registry = "https://pypi.ops.eblu.me/root/pypi/+simple/" }
dependencies = [
    { name = "idna" },
    { name = "typing-extensions", marker = "python_full_version < '3.15'" },
]
sdist = { url = "https://pypi.ops.eblu.me/root/pypi/+f/9f2/8306018cbd6d3/anyio-4.15.1.tar.gz", hash = "sha256:9f28306018cbd6d329e64a36d58256edff76dd996fe423bc957326e578b82a94" }
wheels = [
    { url = "https://pypi.ops.eblu.me/root/pypi/+f/615/2fdbbf9a77fde/anyio-4.15.1-py3-none-any.whl", hash = "sha256:6152fdbbf9a77fdec97731721bebf7c4c44f7c29b424b0065826173efc7ed101" },
]

[[package]]
name = "blumeops"
version = "0.1.0"
source = { virtual = "." }

[package.dev-dependencies]
dev = [
    { name = "httpx", extra = ["socks"] },
    { name = "jinja2" },
    { name = "mutagen" },
    { name = "pytest" },
    { name = "pyyaml" },
    { name = "rich" },
    { name = "ty" },
    { name = "typer" },
]

[package.metadata]

[package.metadata.requires-dev]
dev = [
    { name = "httpx", extras = ["socks"], specifier = "==0.28.1" },
    { name = "jinja2", specifier = "==3.1.6" },
    { name = "mutagen", specifier = "==1.48.1" },
    { name = "pytest", specifier = "==9.1.1" },
    { name = "pyyaml", specifier = "==6.0.3" },
    { name = "rich", specifier = "==15.0.0" },
    { name = "ty", specifier = "==0.0.81" },
    { name = "typer", specifier = "==0.27.2" },
]

[[package]]
name = "certifi"
version = "2026.7.22"
source = { registry = "https://pypi.ops.eblu.me/root/pypi/+simple/" }
sdist = { url = "https://pypi.ops.eblu.me/root/pypi/+f/741/e2c3b351ddf16/certifi-2026.7.22.tar.gz", hash = "sha256:741e2c3b351ddf169a738da9f2c048608ff7f2c5cc02f1ebc6b118bb090d5d55" }
wheels = [
    { url = "https://pypi.ops.eblu.me/root/pypi/+f/62f/22742b58a1a33/certifi-2026.7.22-py3-none-any.whl", hash = "sha256:62f22742b58a1a33014a2b6b706588a8d7e2a88ae7bd1a6ebe8c992928483775" },
]

[[package]]
name = "colorama"
version = "0.4.6"
source = { registry = "https://pypi.ops.eblu.me/root/pypi/+simple/" }
sdist = { url = "https://pypi.ops.eblu.me/root/pypi/+f/086/95f5cb7ed6e05/colorama-0.4.6.tar.gz", hash = "sha256:08695f5cb7ed6e0531a20572697297273c47b8cae5a63ffc6d6ed5c201be6e44" }
wheels = [
    { url = "https://pypi.ops.eblu.me/root/pypi/+f/4f1/d9991f5acc0ca/colorama-0.4.6-py2.py3-none-any.whl", hash = "sha256:4f1d9991f5acc0ca119f9d443620b77f9d6b33703e51011c16baf57afb285fc6" },
]

[[package]]
name = "h11"
version = "0.16.0"
source = { registry = "https://pypi.ops.eblu.me/root/pypi/+simple/" }
sdist = { url = "https://pypi.ops.eblu.me/root/pypi/+f/4e3/5b956cf45792e/h11-0.16.0.tar.gz", hash = "sha256:4e35b956cf45792e4caa5885e69fba00bdbc6ffafbfa020300e549b208ee5ff1" }
wheels = [
    { url = "https://pypi.ops.eblu.me/root/pypi/+f/63c/f8bbe7522de3b/h11-0.16.0-py3-none-any.whl", hash = "sha256:63cf8bbe7522de3bf65932fda1d9c2772064ffb3dae62d55932da54b31cb6c86" },
]

[[package]]
name = "httpcore"
version = "1.0.9"
source = { registry = "https://pypi.ops.eblu.me/root/pypi/+simple/" }
dependencies = [
    { name = "certifi" },
    { name = "h11" },
]
sdist = { url = "https://pypi.ops.eblu.me/root/pypi/+f/6e3/4463af53fd2ab/httpcore-1.0.9.tar.gz", hash = "sha256:6e34463af53fd2ab5d807f399a9b45ea31c3dfa2276f15a2c3f00afff6e176e8" }
wheels = [
    { url = "https://pypi.ops.eblu.me/root/pypi/+f/2d4/00746a40668fc/httpcore-1.0.9-py3-none-any.whl", hash = "sha256:2d400746a40668fc9dec9810239072b40b4484b640a8c38fd654a024c7a1bf55" },
]

[[package]]
name = "httpx"
version = "0.28.1"
source = { registry = "https://pypi.ops.eblu.me/root/pypi/+simple/" }
dependencies = [
    { name = "anyio" },
    { name = "certifi" },
    { name = "httpcore" },
    { name = "idna" },
]
sdist = { url = "https://pypi.ops.eblu.me/root/pypi/+f/75e/98c5f16b0f35b/httpx-0.28.1.tar.gz", hash = "sha256:75e98c5f16b0f35b567856f597f06ff2270a374470a5c2392242528e3e3e42fc" }
wheels = [
    { url = "https://pypi.ops.eblu.me/root/pypi/+f/d90/9fcccc110f8c7/httpx-0.28.1-py3-none-any.whl", hash = "sha256:d909fcccc110f8c7faf814ca82a9a4d816bc5a6dbfea25d6591d6985b8ba59ad" },
]

[package.optional-dependencies]
socks = [
    { name = "socksio" },
]

[[package]]
name = "idna"
version = "3.19"
source = { registry = "https://pypi.ops.eblu.me/root/pypi/+simple/" }
sdist = { url = "https://pypi.ops.eblu.me/root/pypi/+f/5e0/811a4383b21dc/idna-3.19.tar.gz", hash = "sha256:5e0811a4383b21dc5838069f801c4fb62113b7447663d2530d2bd6e77b49bf15" }
wheels = [
    { url = "https://pypi.ops.eblu.me/root/pypi/+f/815/e7be7a7806d54/idna-3.19-py3-none-any.whl", hash = "sha256:815e7be7a7806d54abb586dc943addc79e8b2ee16915059658cbeff4b1b43bf4" },
]

[[package]]
name = "iniconfig"
version = "2.3.0"
source = { registry = "https://pypi.ops.eblu.me/root/pypi/+simple/" }
sdist = { url = "https://pypi.ops.eblu.me/root/pypi/+f/c76/315c77db06865/iniconfig-2.3.0.tar.gz", hash = "sha256:c76315c77db068650d49c5b56314774a7804df16fee4402c1f19d6d15d8c4730" }
wheels = [
    { url = "https://pypi.ops.eblu.me/root/pypi/+f/f63/1c04d2c48c52b/iniconfig-2.3.0-py3-none-any.whl", hash = "sha256:f631c04d2c48c52b84d0d0549c99ff3859c98df65b3101406327ecc7d53fbf12" },
]

[[package]]
name = "jinja2"
version = "3.1.6"
source = { registry = "https://pypi.ops.eblu.me/root/pypi/+simple/" }
dependencies = [
    { name = "markupsafe" },
]
sdist = { url = "https://pypi.ops.eblu.me/root/pypi/+f/013/7fb05990d35f1/jinja2-3.1.6.tar.gz", hash = "sha256:0137fb05990d35f1275a587e9aee6d56da821fc83491a0fb838183be43f66d6d" }
wheels = [
    { url = "https://pypi.ops.eblu.me/root/pypi/+f/85e/ce4451f492d0c/jinja2-3.1.6-py3-none-any.whl", hash = "sha256:85ece4451f492d0c13c5dd7c13a64681a86afae63a5f347908daf103ce6d2f67" },
]

[[package]]
name = "markdown-it-py"
version = "4.2.0"
source = { registry = "https://pypi.ops.eblu.me/root/pypi/+simple/" }
dependencies = [
    { name = "mdurl" },
]
sdist = { url = "https://pypi.ops.eblu.me/root/pypi/+f/04a/21681d6fbb623/markdown_it_py-4.2.0.tar.gz", hash = "sha256:04a21681d6fbb623de53f6f364d352309d4094dd4194040a10fd51833e418d49" }
wheels = [
    { url = "https://pypi.ops.eblu.me/root/pypi/+f/9f7/ebbcd14fe5949/markdown_it_py-4.2.0-py3-none-any.whl", hash = "sha256:9f7ebbcd14fe59494226453aed97c1070d83f8d24b6fc3a3bcf9a38092641c4a" },
]

[[package]]
name = "markupsafe"
version = "3.0.4"
source = { registry = "https://pypi.ops.eblu.me/root/pypi/+simple/" }
sdist = { url = "https://pypi.ops.eblu.me/root/pypi/+f/2e9/ad7dd851bf45f/markupsafe-3.0.4.tar.gz", hash = "sha256:2e9ad7dd851bf45fab9f75cbff4cb493fee9979e8d8c7c9c3ee119022518edd6" }
wheels = [
    { url = "https://pypi.ops.eblu.me/root/pypi/+f/de8/b364c423ef0a4/markupsafe-3.0.4-cp313-cp313-android_24_arm64_v8a.whl", hash = "sha256:de8b364c423ef0a4bad9069657d617f9a5d2b2062457a89b1fa16ee199c399c1" },
    { url = "https://pypi.ops.eblu.me/root/pypi/+f/34b/dde374c593276/markupsafe-3.0.4-cp313-cp313-android_24_x86_64.whl", hash = "sha256:34bdde374c5932765d7dc685c4a1d191a3207852d67e8e0a9eb6ea85156181f1" },
    { url = "https://pypi.ops.eblu.me/root/pypi/+f/6bd/9e1788e15bfcf/markupsafe-3.0.4-cp313-cp313-ios_13_0_arm64_iphoneos.whl", hash = "sha256:6bd9e1788e15bfcf6a9082de42e30387e7b85d211ab21e57a939bb8cfaaf8d96" },
    { url = "https://pypi.ops.eblu.me/root/pypi/+f/506/6b244f576f91a/markupsafe-3.0.4-cp313-cp313-ios_13_0_arm64_iphonesimulator.whl", hash = "sha256:5066b244f576f91afc8ee3ba029a89f99d39c79b1853fe9d39bea9f0afbec148" },
    { url = "https://pypi.ops.eblu.me/root/pypi/+f/7a8/3aa6e4805df46/markupsafe-3.0.4-cp313-cp313-ios_13_0_x86_64_iphonesimulator.whl", hash = "sha256:7a83aa6e4805df46fed18e989d3d16f86ef60cb50bbc8d9ce3a6be89165fbf6e" },
    { url = "https://pypi.ops.eblu.me/root/pypi/+f/2d1/b7d9308288661/markupsafe-3.0.4-cp313-cp313-macosx_10_13_x86_64.whl", hash = "sha256:2d1b7d9308288661f56672b1b157d75fc536714d3638487bbea17b6318a78248" },
    { url = "https://pypi.ops.eblu.me/root/pypi/+f/73e/77980c7207854/markupsafe-3.0.4-cp313-cp313-macosx_11_0_arm64.whl", hash = "sha256:73e77980c7207854f00fc4e71fb1626868d5740ab4012623d55c7a99ad122a72" },
    { url = "https://pypi.ops.eblu.me/root/pypi/+f/701/8d4af1cd272e8/markupsafe-3.0.4-cp313-cp313-manylinux2014_aarch64.manylinux_2_17_aarch64.manylinux_2_28_aarch64.whl", hash = "sha256:7018d4af1cd272e847aa5917983ab5e83e4f6579f9dbfecd4a79c0ca80b144c2" },
    { url = "https://pypi.ops.eblu.me/root/pypi/+f/c90/d5b3d4e944e06/markupsafe-3.0.4-cp313-cp313-manylinux2014_armv7l.manylinux_2_17_armv7l.manylinux_2_31_armv7l.whl", hash = "sha256:c90d5b3d4e944e065a301d741b3c1d784f6bd1f503aa68b4967e32b2ba313d85" },
    { url = "https://pypi.ops.eblu.me/root/pypi/+f/18a/801868a884f21/markupsafe-3.0.4-cp313-cp313-manylinux2014_ppc64le.manylinux_2_17_ppc64le.manylinux_2_28_ppc64le.whl", hash = "sha256:18a801868a884f216e784d7d14db2a4077143ce7610440aee2ce8f734e7cfcde" },
    { url = "https://pypi.ops.eblu.me/root/pypi/+f/434/139499bb20b50/markupsafe-3.0.4-cp313-cp313-manylinux2014_x86_64.manylinux_2_17_x86_64.manylinux_2_28_x86_64.whl", hash = "sha256:434139499bb20b502ed3baa1f169e618f924a97e7a777fea1a49446d80106cf6" },
    { url = "https://pypi.ops.eblu.me/root/pypi/+f/9e2/27f3dbe6bde74/markupsafe-3.0.4-cp313-cp313-manylinux_2_31_riscv64.manylinux_2_39_riscv64.whl", hash = "sha256:9e227f3dbe6bde7491cf0a9965d00b88c6b1a4a95d11480ddf88bb96d397c19f" },
    { url = "https://pypi.ops.eblu.me/root/pypi/+f/b8c/d1f918b26fd7b/markupsafe-3.0.4-cp313-cp313-musllinux_1_2_aarch64.whl", hash = "sha256:b8cd1f918b26fd7b1832ece557cc18f2d8747309ff8b3f0ef9d4250c5ad67a39" },
    { url = "https://pypi.ops.eblu.me/root/pypi/+f/a5f/cffb37e602b0b/markupsafe-3.0.4-cp313-cp313-musllinux_1_2_armv7l.whl", hash = "sha256:a5fcffb37e602b0b3c1638a97746b9b96125caa9bcf6fa41d337a9261de231ee" },
    { url = "https://pypi.ops.eblu.me/root/pypi/+f/598/9cb26b2e1efc6/markupsafe-3.0.4-cp313-cp313-musllinux_1_2_ppc64le.whl", hash = "sha256:5989cb26b2e1efc6a42216a9f6b5ee495ce5ace2e5b352a9af489976b32d1ee2" },
    { url = "https://pypi.ops.eblu.me/root/pypi/+f/add/96447a86d205a/markupsafe-3.0.4-cp313-cp313-musllinux_1_2_riscv64.whl", hash = "sha256:add96447a86d205ab616665d53b2950ee81083757f56e6ea833c8b2917646b46" },
    { url = "https://pypi.ops.eblu.me/root/pypi/+f/262/8d3a8cb648ece/markupsafe-3.0.4-cp313-cp313-musllinux_1_2_x86_64.whl", hash = "sha256:2628d3a8cb648ecebb3c5d6b0a1052d400e4d8b7ac0fb786be8d285b50040d17" },
    { url = "https://pypi.ops.eblu.me/root/pypi/+f/672/d207103e6b16c/markupsafe-3.0.4-cp313-cp313-win32.whl", hash = "sha256:672d207103e6b16ca098611b0f9efad6bc00afd47c03d6ef62186495ca677dc0" },
    { url = "https://pypi.ops.eblu.me/root/pypi/+f/1f1/f9477e174582b/markupsafe-3.0.4-cp313-cp313-win_amd64.whl", hash = "sha256:1f1f9477e174582b0a1b583d60b66e1f2cf5d3fe12cee985e4aedf44766600e5" },
    { url = "https://pypi.ops.eblu.me/root/pypi/+f/06d/e8ef6331f6e82/markupsafe-3.0.4-cp313-cp313-win_arm64.whl", hash = "sha256:06de8ef6331f6e822c28d577dc8bf43fe398800477c49498f38fc38b67ff33fc" },
    { url = "https://pypi.ops.eblu.me/root/pypi/+f/4ed/644d75aa94a2b/markupsafe-3.0.4-cp314-cp314-android_24_arm64_v8a.whl", hash = "sha256:4ed644d75aa94a2baf7ec3a96eaa160ea58c742eb9d27c6506053c5c40fc84ed" },
    { url = "https://pypi.ops.eblu.me/root/pypi/+f/6d2/a9efe686f9de0/markupsafe-3.0.4-cp314-cp314-android_24_x86_64.whl", hash = "sha256:6d2a9efe686f9de00d0d1ea32a4a5a86d558a2277501bd78d964214eab625e59" },
    { url = "https://pypi.ops.eblu.me/root/pypi/+f/878/1a792a070cf2b/markupsafe-3.0.4-cp314-cp314-ios_13_0_arm64_iphoneos.whl", hash = "sha256:8781a792a070cf2bd1b86d3aa943894115faaba6e88122a7bf32d62072742453" },
    { url = "https://pypi.ops.eblu.me/root/pypi/+f/971/a3bbb75d97ae4/markupsafe-3.0.4-cp314-cp314-ios_13_0_arm64_iphonesimulator.whl", hash = "sha256:971a3bbb75d97ae4e2e8f7d4834236f86f85f0c85e04ab2e191db1123b04f80b" },
    { url = "https://pypi.ops.eblu.me/root/pypi/+f/890/9c2f1c6dd65e0/markupsafe-3.0.4-cp314-cp314-ios_13_0_x86_64_iphonesimulator.whl", hash = "sha256:8909c2f1c6dd65e054ac4b573a91c8384d1492281e55d82d159d653f7a13adf6" },
    { url = "https://pypi.ops.eblu.me/root/pypi/+f/4cf/3468d5ec187ff/markupsafe-3.0.4-cp314-cp314-macosx_10_15_x86_64.whl", hash = "sha256:4cf3468d5ec187ffffcaca8e61929a37448f215dafc1386a12c750a72fe53634" },
    { url = "https://pypi.ops.eblu.me/root/pypi/+f/527/04c5d36eb6dda/markupsafe-3.0.4-cp314-cp314-macosx_11_0_arm64.whl", hash = "sha256:52704c5d36eb6dda8866493decd61111fff86244c9b1ad225ca01b9e91e5970f" },
    { url = "https://pypi.ops.eblu.me/root/pypi/+f/1ca/a2fa5a6184fb2/markupsafe-3.0.4-cp314-cp314-manylinux2014_aarch64.manylinux_2_17_aarch64.manylinux_2_28_aarch64.whl", hash = "sha256:1caa2fa5a6184fb233153b35f654e6687bd555476f6170f29d8ee9be1a8b0af9" },
    { url = "https://pypi.ops.eblu.me/root/pypi/+f/387/d8cd30e69b3f0/markupsafe-3.0.4-cp314-cp314-manylinux2014_armv7l.manylinux_2_17_armv7l.manylinux_2_31_armv7l.whl", hash = "sha256:387d8cd30e69b3f0a72877b9ae717033396404e19095b17fe89753a981fda44f" },
    { url = "https://pypi.ops.eblu.me/root/pypi/+f/051/417f74bcaaefa/markupsafe-3.0.4-cp314-cp314-manylinux2014_ppc64le.manylinux_2_17_ppc64le.manylinux_2_28_ppc64le.whl", hash = "sha256:051417f74bcaaefa316276e0ff723f541616ca51043d070da00249d9bddd3e3c" },
    { url = "https://pypi.ops.eblu.me/root/pypi/+f/a8e/9f292fcda89b3/markupsafe-3.0.4-cp314-cp314-manylinux2014_x86_64.manylinux_2_17_x86_64.manylinux_2_28_x86_64.whl", hash = "sha256:a8e9f292fcda89b324f2f5c91d13f1424a153e40fc2756f38ee23b15835ff300" },
    { url = "https://pypi.ops.eblu.me/root/pypi/+f/df1/ae86ff54725a0/markupsafe-3.0.4-cp314-cp314-manylinux_2_31_riscv64.manylinux_2_39_riscv64.whl", hash = "sha256:df1ae86ff54725a01fa1a0510b914ca53a161b7050be74f6204e24aded5971d0" },
    { url = "https://pypi.ops.eblu.me/root/pypi/+f/896/5520ac587c94a/markupsafe-3.0.4-cp314-cp314-musllinux_1_2_aarch64.whl", hash = "sha256:8965520ac587c94a4ac48b729be3d8b8de00af39699b17585dfb599babe77977" },
    { url = "https://pypi.ops.eblu.me/root/pypi/+f/340/cbb1957ba9992/markupsafe-3.0.4-cp314-cp314-musllinux_1_2_armv7l.whl", hash = "sha256:340cbb1957ba99929cbf19a75626d36ba1ae21d1730b287d1cf7f824a20c4fc7" },
    { url = "https://pypi.ops.eblu.me/root/pypi/+f/3a9/3d9616ddecfb3/markupsafe-3.0.4-cp314-cp314-musllinux_1_2_ppc64le.whl", hash = "sha256:3a93d9616ddecfb393727a0041a562cf0b15a244e20f2bd25efc7949be4c4f17" },
    { url = "https://pypi.ops.eblu.me/root/pypi/+f/d2e/56fd3b0022272/markupsafe-3.0.4-cp314-cp314-musllinux_1_2_riscv64.whl", hash = "sha256:d2e56fd3b00222722abfb3f5f0759ddbae4b90811b5ad4343c64030ad1bde70c" },
    { url = "https://pypi.ops.eblu.me/root/pypi/+f/0d9/c47709875fdb3/markupsafe-3.0.4-cp314-cp314-musllinux_1_2_x86_64.whl", hash = "sha256:0d9c47709875fdb321452056622e930c52afbc07a7d780762fbb8b4d91ce6fa4" },
    { url = "https://pypi.ops.eblu.me/root/pypi/+f/38f/c55594dab8344/markupsafe-3.0.4-cp314-cp314-win32.whl", hash = "sha256:38fc55594dab834470b6733dead2ee9e3f657fb0608c769dcafa0ba5ab52f45c" },
    { url = "https://pypi.ops.eblu.me/root/pypi/+f/c1b/c67752d5f2101/markupsafe-3.0.4-cp314-cp314-win_amd64.whl", hash = "sha256:c1bc67752d5f21013cfe430df4062441714eab79f65a6a05e01505957e9c35fe" },
    { url = "https://pypi.ops.eblu.me/root/pypi/+f/7e1/636da3d8dfc22/markupsafe-3.0.4-cp314-cp314-win_arm64.whl", hash = "sha256:7e1636da3d8dfc220b6dd10264db5f2b165e4888c4518594898fbe381049af8a" },
    { url = "https://pypi.ops.eblu.me/root/pypi/+f/805/c8b84534fa108/markupsafe-3.0.4-cp314-cp314t-macosx_10_15_x86_64.whl", hash = "sha256:805c8b84534fa10891890f0e4be39f3a99e94615d93e8836bf9fa1fdca2feeb2" },
    { url = "https://pypi.ops.eblu.me/root/pypi/+f/fa9/5848c929b6a75/markupsafe-3.0.4-cp314-cp314t-macosx_11_0_arm64.whl", hash = "sha256:fa95848c929b6a75f6848d3c9793e59db365ee436776e57db835cdbfa79ba977" },
    { url = "https://pypi.ops.eblu.me/root/pypi/+f/e91/6035e3e9930cb/markupsafe-3.0.4-cp314-cp314t-manylinux2014_aarch64.manylinux_2_17_aarch64.manylinux_2_28_aarch64.whl", hash = "sha256:e916035e3e9930cbdfdd10abf48861340221857f45509565898e012263f7b289" },
    { url = "https://pypi.ops.eblu.me/root/pypi/+f/b4d/12837e0203bba/markupsafe-3.0.4-cp314-cp314t-manylinux2014_armv7l.manylinux_2_17_armv7l.manylinux_2_31_armv7l.whl", hash = "sha256:b4d12837e0203bbace818ff4a7461afdcd78bcd782351cea148139180d7bcffe" },
    { url = "https://pypi.ops.eblu.me/root/pypi/+f/508/6f9975abb1ab5/markupsafe-3.0.4-cp314-cp314t-manylinux2014_ppc64le.manylinux_2_17_ppc64le.manylinux_2_28_ppc64le.whl", hash = "sha256:5086f9975abb1ab531ee6afca1761e4b59a19b446f3f6522ed776963228cfe5a" },
    { url = "https://pypi.ops.eblu.me/root/pypi/+f/b4a/635a0487774f8/markupsafe-3.0.4-cp314-cp314t-manylinux2014_x86_64.manylinux_2_17_x86_64.manylinux_2_28_x86_64.whl", hash = "sha256:b4a635a0487774f841cb1fb62e907e7195cc95bc761e053184b8acc3ceb20733" },
    { url = "https://pypi.ops.eblu.me/root/pypi/+f/cb9/6e6e088d6cf71/markupsafe-3.0.4-cp314-cp314t-manylinux_2_31_riscv64.manylinux_2_39_riscv64.whl", hash = "sha256:cb96e6e088d6cf71c1ea977510948320234824cf226e32f6f6e044f7a9c82b34" },
    { url = "https://pypi.ops.eblu.me/root/pypi/+f/8b5/d563170ff8ba3/markupsafe-3.0.4-cp314-cp314t-musllinux_1_2_aarch64.whl", hash = "sha256:8b5d563170ff8ba3181caa967c99a3c804d1dedb702c7cb93a6a7c32247da978" },
    { url = "https://pypi.ops.eblu.me/root/pypi/+f/396/ec4e65cc889f6/markupsafe-3.0.4-cp314-cp314t-musllinux_1_2_armv7l.whl", hash = "sha256:396ec4e65cc889f69786b3b89478b471cee5a3bcf468b9d9bb03e1a30fb291fc" },
    { url = "https://pypi.ops.eblu.me/root/pypi/+f/15b/a9e28640feef7/markupsafe-3.0.4-cp314-cp314t-musllinux_1_2_ppc64le.whl", hash = "sha256:15ba9e28640feef770374b116a6f019c21f52404aeabe516aa7f800587b98cfc" },
    { url = "https://pypi.ops.eblu.me/root/pypi/+f/d92/0abdfa61279ba/markupsafe-3.0.4-cp314-cp314t-musllinux_1_2_riscv64.whl", hash = "sha256:d920abdfa61279ba1a2ef9484aab07bf03331f8c08a10120fa332353d06e6932" },
    { url = "https://pypi.ops.eblu.me/root/pypi/+f/a9f/54054101545a9/markupsafe-3.0.4-cp314-cp314t-musllinux_1_2_x86_64.whl", hash = "sha256:a9f54054101545a9a9cccefddf54316aa6e4491611fcbef9e91b3b6bebec04f6" },
    { url = "https://pypi.ops.eblu.me/root/pypi/+f/12a/606a492de952a/markupsafe-3.0.4-cp314-cp314t-win32.whl", hash = "sha256:12a606a492de952afcb43b59a14aaaaad120e708d3663dd0fdf2d738d427a691" },
    { url = "https://pypi.ops.eblu.me/root/pypi/+f/a18/f38cafc329bac/markupsafe-3.0.4-cp314-cp314t-win_amd64.whl", hash = "sha256:a18f38cafc329bac5e3c2b96c765b4c96d3d103421ed22ab7988c1e3fce27464" },
    { url = "https://pypi.ops.eblu.me/root/pypi/+f/eba/154571c16e032/markupsafe-3.0.4-cp314-cp314t-win_arm64.whl", hash = "sha256:eba154571c16e032112afac0dc2dfe9e63c2ceb7aedd07bb7eecf2ce26d4dd4c" },
    { url = "https://pypi.ops.eblu.me/root/pypi/+f/737/c9c3981998eba/markupsafe-3.0.4-cp315-cp315-android_24_arm64_v8a.whl", hash = "sha256:737c9c3981998eba27f11786f84fddcbabc74068b72a4a1f454ea02094b57b65" },
    { url = "https://pypi.ops.eblu.me/root/pypi/+f/489/505b03f692c3f/markupsafe-3.0.4-cp315-cp315-android_24_x86_64.whl", hash = "sha256:489505b03f692c3f376394e49194fa7a7f9e8558d6e293a7056a0032b0c38163" },
    { url = "https://pypi.ops.eblu.me/root/pypi/+f/077/293e425f28ec7/markupsafe-3.0.4-cp315-cp315-ios_13_0_arm64_iphoneos.whl", hash = "sha256:077293e425f28ec737dbcad442a71752e28f8ae27cde3d68acd1fb212091cd92" },
    { url = "https://pypi.ops.eblu.me/root/pypi/+f/934/8cbb300d224fe/markupsafe-3.0.4-cp315-cp315-ios_13_0_arm64_iphonesimulator.whl", hash = "sha256:9348cbb300d224fe3b89793262cb093504d4ae927004468463f745188a193e4a" },
    { url = "https://pypi.ops.eblu.me/root/pypi/+f/b80/7e598953730f8/markupsafe-3.0.4-cp315-cp315-ios_13_0_x86_64_iphonesimulator.whl", hash = "sha256:b807e598953730f82e4eae3bd30f6a122cf6b31c398c6b504c0e04c13c170429" },
    { url = "https://pypi.ops.eblu.me/root/pypi/+f/799/c39bdf5e2f129/markupsafe-3.0.4-cp315-cp315-macosx_10_15_x86_64.whl", hash = "sha256:799c39bdf5e2f1292fedd3009f7b3c9e760f10b2420cb9638d56920840ff6db8" },
    { url = "https://pypi.ops.eblu.me/root/pypi/+f/ae9/dcb8fbe244cb8/markupsafe-3.0.4-cp315-cp315-macosx_11_0_arm64.whl", hash = "sha256:ae9dcb8fbe244cb82f8a6458b455b927a03685e383d9bacf1ea5ce180b96dc97" },
    { url = "https://pypi.ops.eblu.me/root/pypi/+f/4bc/ed6e2a6dba6a2/markupsafe-3.0.4-cp315-cp315-manylinux2014_aarch64.manylinux_2_17_aarch64.manylinux_2_28_aarch64.whl", hash = "sha256:4bced6e2a6dba6a28f7dd3c6ce14df1b2dd495923f16ea484cad03decd463b2b" },
    { url = "https://pypi.ops.eblu.me/root/pypi/+f/388/2fb412298575b/markupsafe-3.0.4-cp315-cp315-manylinux2014_armv7l.manylinux_2_17_armv7l.manylinux_2_31_armv7l.whl", hash = "sha256:3882fb412298575bae3b9c46868251f15cc69307359f87bb1b382e53d6e5a2c9" },
    { url = "https://pypi.ops.eblu.me/root/pypi/+f/04e/7902ba80ee4ba/markupsafe-3.0.4-cp315-cp315-manylinux2014_ppc64le.manylinux_2_17_ppc64le.manylinux_2_28_ppc64le.whl", hash = "sha256:04e7902ba80ee4bac1d50a549606527a1dcf0476cd81403db41099d3b60ec653" },
    { url = "https://pypi.ops.eblu.me/root/pypi/+f/925/f929d6b59a8b3/markupsafe-3.0.4-cp315-cp315-manylinux2014_x86_64.manylinux_2_17_x86_64.manylinux_2_28_x86_64.whl", hash = "sha256:925f929d6b59a8b3f8b8c6ac363cd0af7eecc81efb3071770b3c6717c450a369" },
    { url = "https://pypi.ops.eblu.me/root/pypi/+f/f68/edfc67aabac33/markupsafe-3.0.4-cp315-cp315-manylinux_2_31_riscv64.manylinux_2_39_riscv64.whl", hash = "sha256:f68edfc67aabac33708941f26f22a7b8e9f81429bc0cf249fcf7d66b23af8d19" },
    { url = "https://pypi.ops.eblu.me/root/pypi/+f/e5c/802729725bd07/markupsafe-3.0.4-cp315-cp315-musllinux_1_2_aarch64.whl", hash = "sha256:e5c802729725bd07e2bc3ab7b76dc7e0bbfc53129d8f1eb1c002c24cf774717e" },
    { url = "https://pypi.ops.eblu.me/root/pypi/+f/55f/fd6ce583d97dc/markupsafe-3.0.4-cp315-cp315-musllinux_1_2_armv7l.whl", hash = "sha256:55ffd6ce583d97dc71dc92e930324c8c0d25aea7e3ade6ae54ef77cedb096811" },
    { url = "https://pypi.ops.eblu.me/root/pypi/+f/2cb/3dd71fc6be918/markupsafe-3.0.4-cp315-cp315-musllinux_1_2_ppc64le.whl", hash = "sha256:2cb3dd71fc6be918ad4264346a8ed69485f9b7ed7bf35495d8e22807cd6b8bea" },
    { url = "https://pypi.ops.eblu.me/root/pypi/+f/94f/5407f7bc64fa6/markupsafe-3.0.4-cp315-cp315-musllinux_1_2_riscv64.whl", hash = "sha256:94f5407f7bc64fa6463906b896f9904beeeb7dd8dc116ee8e9056c8714ff9916" },
    { url = "https://pypi.ops.eblu.me/root/pypi/+f/2da/d610540cb2e62/markupsafe-3.0.4-cp315-cp315-musllinux_1_2_x86_64.whl", hash = "sha256:2dad610540cb2e6272855c178f08ae9a1c7ac258a7fb71660553a5f104b42741" },
    { url = "https://pypi.ops.eblu.me/root/pypi/+f/034/70d1a8268e692/markupsafe-3.0.4-cp315-cp315-win32.whl", hash = "sha256:03470d1a8268e692ecf79ecd565593e59d44219377a7ead61f1f1b94c1f7ff6b" },
    { url = "https://pypi.ops.eblu.me/root/pypi/+f/d88/2a373d8093c29/markupsafe-3.0.4-cp315-cp315-win_amd64.whl", hash = "sha256:d882a373d8093c2941e01291b7ced96e9cbe4781da9a7751ca7e6c70385e5214" },
    { url = "https://pypi.ops.eblu.me/root/pypi/+f/353/bd63081912ab8/markupsafe-3.0.4-cp315-cp315-win_arm64.whl", hash = "sha256:353bd63081912ab8cfa6a0c7d185934cdf8426f04c618bba6bc4b394f2069b67" },
    { url = "https://pypi.ops.eblu.me/root/pypi/+f/c61/750fadcd119d0/markupsafe-3.0.4-cp315-cp315t-macosx_10_15_x86_64.whl", hash = "sha256:c61750fadcd119d0825bcb7d7d675dd264dcc89cc05292aab5be68ebdbb374ad" },
    { url = "https://pypi.ops.eblu.me/root/pypi/+f/1c0/df495a977d104/markupsafe-3.0.4-cp315-cp315t-macosx_11_0_arm64.whl", hash = "sha256:1c0df495a977d10460a94941799c72d5b5ab03d3858d949b55b5a66c8f371c99" },
    { url = "https://pypi.ops.eblu.me/root/pypi/+f/02f/a4acbc6a3fc5c/markupsafe-3.0.4-cp315-cp315t-manylinux2014_aarch64.manylinux_2_17_aarch64.manylinux_2_28_aarch64.whl", hash = "sha256:02fa4acbc6a3fc5c693c34d4dd8c1130b7fe99cc915181b0ddd6f72aeb296002" },
    { url = "https://pypi.ops.eblu.me/root/pypi/+f/052/95589e619b9be/markupsafe-3.0.4-cp315-cp315t-manylinux2014_armv7l.manylinux_2_17_armv7l.manylinux_2_31_armv7l.whl", hash = "sha256:05295589e619b9bed252a86b532b8e27350abc372d18ba89b59375325e91ec1e" },
    { url = "https://pypi.ops.eblu.me/root/pypi/+f/be6/cb0c799abb0e2/markupsafe-3.0.4-cp315-cp315t-manylinux2014_ppc64le.manylinux_2_17_ppc64le.manylinux_2_28_ppc64le.whl", hash = "sha256:be6cb0c799abb0e2ba3e618e6d28ddddf7e485f6c2ce938dfa237daf3905072c" },
    { url = "https://pypi.ops.eblu.me/root/pypi/+f/26e/9867520db70d3/markupsafe-3.0.4-cp315-cp315t-manylinux2014_x86_64.manylinux_2_17_x86_64.manylinux_2_28_x86_64.whl", hash = "sha256:26e9867520db70d37f7fb421a7f0d8adb40171011fb84ce869afa1a83370dfa8" },
    { url = "https://pypi.ops.eblu.me/root/pypi/+f/f03/460ff076f70ab/markupsafe-3.0.4-cp315-cp315t-manylinux_2_31_riscv64.manylinux_2_39_riscv64.whl", hash = "sha256:f03460ff076f70ab595bb45a0205ccea1971443575b6920c52e755dec2b3fbfe" },
    { url = "https://pypi.ops.eblu.me/root/pypi/+f/436/e3ffc6310d3c4/markupsafe-3.0.4-cp315-cp315t-musllinux_1_2_aarch64.whl", hash = "sha256:436e3ffc6310d3c41878c601db29098102fe5d8a467c49da4a4125254e0980f2" },
    { url = "https://pypi.ops.eblu.me/root/pypi/+f/4e2/c4809c14559aa/markupsafe-3.0.4-cp315-cp315t-musllinux_1_2_armv7l.whl", hash = "sha256:4e2c4809c14559aa7ef426f27fb35afbb38104c349a903bf8f3600456764bb38" },
    { url = "https://pypi.ops.eblu.me/root/pypi/+f/da2/af0d7aebfc207/markupsafe-3.0.4-cp315-cp315t-musllinux_1_2_ppc64le.whl", hash = "sha256:da2af0d7aebfc2074080d72efa6ab8317c62481ef1f896f65d9999c1c01f4494" },
    { url = "https://pypi.ops.eblu.me/root/pypi/+f/aa2/c838cc024642c/markupsafe-3.0.4-cp315-cp315t-musllinux_1_2_riscv64.whl", hash = "sha256:aa2c838cc024642cc04c6854232f32b43e5e22833dd11119c1766c7873b8370d" },
    { url = "https://pypi.ops.eblu.me/root/pypi/+f/b91/cc9d336957239/markupsafe-3.0.4-cp315-cp315t-musllinux_1_2_x86_64.whl", hash = "sha256:b91cc9d336957239ff200f30097e6fea2dc6d6fb3c81e853eaa09eac904fd894" },
    { url = "https://pypi.ops.eblu.me/root/pypi/+f/e49/fb0d1ce92cfa0/markupsafe-3.0.4-cp315-cp315t-win32.whl", hash = "sha256:e49fb0d1ce92cfa0cb198cc5b1b11cdf9d0638658e2a2db2687e39db7c87fc78" },
    { url = "https://pypi.ops.eblu.me/root/pypi/+f/4f6/e0852a0283b1b/markupsafe-3.0.4-cp315-cp315t-win_amd64.whl", hash = "sha256:4f6e0852a0283b1b1fd776eeb7b766a5f440b3e2bd31ab51af3b400585f3965c" },
    { url = "https://pypi.ops.eblu.me/root/pypi/+f/39d/bacefc411633d/markupsafe-3.0.4-cp315-cp315t-win_arm64.whl", hash = "sha256:39dbacefc411633db5b4378b066a9aca70a3d7e2922c9e578d825f844026eeba" },
]

[[package]]
name = "mdurl"
version = "0.1.2"
source = { registry = "https://pypi.ops.eblu.me/root/pypi/+simple/" }
sdist = { url = "https://pypi.ops.eblu.me/root/pypi/+f/bb4/13d29f5eea38f/mdurl-0.1.2.tar.gz", hash = "sha256:bb413d29f5eea38f31dd4754dd7377d4465116fb207585f97bf925588687c1ba" }
wheels = [
    { url = "https://pypi.ops.eblu.me/root/pypi/+f/840/08a41e51615a4/mdurl-0.1.2-py3-none-any.whl", hash = "sha256:84008a41e51615a49fc9966191ff91509e3c40b939176e643fd50a5c2196b8f8" },
]

[[package]]
name = "mutagen"
version = "1.48.1"
source = { registry = "https://pypi.ops.eblu.me/root/pypi/+simple/" }
sdist = { url = "https://pypi.ops.eblu.me/root/pypi/+f/8f9/5637ab9f6f305/mutagen-1.48.1.tar.gz", hash = "sha256:8f95637ab9f6f305cec6bd1294e197debe207998e3e068596563c74f86b0a173" }
wheels = [
    { url = "https://pypi.ops.eblu.me/root/pypi/+f/4f0/77fe87d3fc7fb/mutagen-1.48.1-py3-none-any.whl", hash = "sha256:4f077fe87d3fc7fba259aa63d8c026b18382ca6a42ef37c61e16f1b1b5b82fe7" },
]

[[package]]
name = "packaging"
version = "26.3"
source = { registry = "https://pypi.ops.eblu.me/root/pypi/+simple/" }
sdist = { url = "https://pypi.ops.eblu.me/root/pypi/+f/94e/dc256424af387/packaging-26.3.tar.gz", hash = "sha256:94edc256424af38762eb31306eed28beb9f0efc50a8837492c9d6fd6004aed79" }
wheels = [
    { url = "https://pypi.ops.eblu.me/root/pypi/+f/d71/93f7c8e4e93f4/packaging-26.3-py3-none-any.whl", hash = "sha256:d7193f7c8e4e93f444fde0262bf90af30e16fa0ad0ad44cb553c87339b23cd1c" },
]

[[package]]
name = "pluggy"
version = "1.6.0"
source = { registry = "https://pypi.ops.eblu.me/root/pypi/+simple/" }
sdist = { url = "https://pypi.ops.eblu.me/root/pypi/+f/7dc/c130b76258d33/pluggy-1.6.0.tar.gz", hash = "sha256:7dcc130b76258d33b90f61b658791dede3486c3e6bfb003ee5c9bfb396dd22f3" }
wheels = [
    { url = "https://pypi.ops.eblu.me/root/pypi/+f/e92/0276dd6813095/pluggy-1.6.0-py3-none-any.whl", hash = "sha256:e920276dd6813095e9377c0bc5566d94c932c33b27a3e3945d8389c374dd4746" },
]

[[package]]
name = "pygments"
version = "2.21.0"
source = { registry = "https://pypi.ops.eblu.me/root/pypi/+simple/" }
sdist = { url = "https://pypi.ops.eblu.me/root/pypi/+f/610/ca751c9bc2492/pygments-2.21.0.tar.gz", hash = "sha256:610ca751c9bc2492b38eb9a38a7fbc93edbbb2d7182edaf34e66ae493dee5c8c" }
wheels = [
    { url = "https://pypi.ops.eblu.me/root/pypi/+f/236/3c69b61c4a97c/pygments-2.21.0-py3-none-any.whl", hash = "sha256:2363c69b61c4a97c838da3b130dcd6468f4848992b21a82f2a63ec34377137d9" },
]

[[package]]
name = "pytest"
version = "9.1.1"
source = { registry = "https://pypi.ops.eblu.me/root/pypi/+simple/" }
dependencies = [
    { name = "colorama", marker = "sys_platform == 'win32'" },
    { name = "iniconfig" },
    { name = "packaging" },
    { name = "pluggy" },
    { name = "pygments" },
]
sdist = { url = "https://pypi.ops.eblu.me/root/pypi/+f/108/8fbde8f2b49d9/pytest-9.1.1.tar.gz", hash = "sha256:1088fbde8f2b49d95a549a195707afa7a76a3ce9bcadc26b6d71f0ffda5fe313" }
wheels = [
    { url = "https://pypi.ops.eblu.me/root/pypi/+f/37a/86b45efb9a47a/pytest-9.1.1-py3-none-any.whl", hash = "sha256:37a86b45efb9a47a61a36449063e8e18d0cab3161329fc099eb21783169c4f0c" },
]

[[package]]
name = "pyyaml"
version = "6.0.3"
source = { registry = "https://pypi.ops.eblu.me/root/pypi/+simple/" }
sdist = { url = "https://pypi.ops.eblu.me/root/pypi/+f/d76/623373421df22/pyyaml-6.0.3.tar.gz", hash = "sha256:d76623373421df22fb4cf8817020cbb7ef15c725b9d5e45f17e189bfc384190f" }
wheels = [
    { url = "https://pypi.ops.eblu.me/root/pypi/+f/8da/9669d359f02c0/pyyaml-6.0.3-cp313-cp313-macosx_10_13_x86_64.whl", hash = "sha256:8da9669d359f02c0b91ccc01cac4a67f16afec0dac22c2ad09f46bee0697eba8" },
    { url = "https://pypi.ops.eblu.me/root/pypi/+f/228/3a07e2c21a2aa/pyyaml-6.0.3-cp313-cp313-macosx_11_0_arm64.whl", hash = "sha256:2283a07e2c21a2aa78d9c4442724ec1eb15f5e42a723b99cb3d822d48f5f7ad1" },
    { url = "https://pypi.ops.eblu.me/root/pypi/+f/ee2/922902c45ae8c/pyyaml-6.0.3-cp313-cp313-manylinux2014_aarch64.manylinux_2_17_aarch64.manylinux_2_28_aarch64.whl", hash = "sha256:ee2922902c45ae8ccada2c5b501ab86c36525b883eff4255313a253a3160861c" },
    { url = "https://pypi.ops.eblu.me/root/pypi/+f/a33/284e20b78bd4a/pyyaml-6.0.3-cp313-cp313-manylinux2014_s390x.manylinux_2_17_s390x.manylinux_2_28_s390x.whl", hash = "sha256:a33284e20b78bd4a18c8c2282d549d10bc8408a2a7ff57653c0cf0b9be0afce5" },
    { url = "https://pypi.ops.eblu.me/root/pypi/+f/0f2/9edc409a63924/pyyaml-6.0.3-cp313-cp313-manylinux2014_x86_64.manylinux_2_17_x86_64.manylinux_2_28_x86_64.whl", hash = "sha256:0f29edc409a6392443abf94b9cf89ce99889a1dd5376d94316ae5145dfedd5d6" },
    { url = "https://pypi.ops.eblu.me/root/pypi/+f/f70/57c9a337546ed/pyyaml-6.0.3-cp313-cp313-musllinux_1_2_aarch64.whl", hash = "sha256:f7057c9a337546edc7973c0d3ba84ddcdf0daa14533c2065749c9075001090e6" },
    { url = "https://pypi.ops.eblu.me/root/pypi/+f/eda/16858a3cab07b/pyyaml-6.0.3-cp313-cp313-musllinux_1_2_x86_64.whl", hash = "sha256:eda16858a3cab07b80edaf74336ece1f986ba330fdb8ee0d6c0d68fe82bc96be" },
    { url = "https://pypi.ops.eblu.me/root/pypi/+f/d0e/ae10f8159e8fd/pyyaml-6.0.3-cp313-cp313-win32.whl", hash = "sha256:d0eae10f8159e8fdad514efdc92d74fd8d682c933a6dd088030f3834bc8e6b26" },
    { url = "https://pypi.ops.eblu.me/root/pypi/+f/790/05a0d97d5ddab/pyyaml-6.0.3-cp313-cp313-win_amd64.whl", hash = "sha256:79005a0d97d5ddabfeeea4cf676af11e647e41d81c9a7722a193022accdb6b7c" },
    { url = "https://pypi.ops.eblu.me/root/pypi/+f/549/8cd1645aa724a/pyyaml-6.0.3-cp313-cp313-win_arm64.whl", hash = "sha256:5498cd1645aa724a7c71c8f378eb29ebe23da2fc0d7a08071d89469bf1d2defb" },
    { url = "https://pypi.ops.eblu.me/root/pypi/+f/8d1/fab6bb153a416/pyyaml-6.0.3-cp314-cp314-macosx_10_13_x86_64.whl", hash = "sha256:8d1fab6bb153a416f9aeb4b8763bc0f22a5586065f86f7664fc23339fc1c1fac" },
    { url = "https://pypi.ops.eblu.me/root/pypi/+f/34d/5fcd24b8445fa/pyyaml-6.0.3-cp314-cp314-macosx_11_0_arm64.whl", hash = "sha256:34d5fcd24b8445fadc33f9cf348c1047101756fd760b4dacb5c3e99755703310" },
    { url = "https://pypi.ops.eblu.me/root/pypi/+f/501/a031947e3a902/pyyaml-6.0.3-cp314-cp314-manylinux2014_aarch64.manylinux_2_17_aarch64.manylinux_2_28_aarch64.whl", hash = "sha256:501a031947e3a9025ed4405a168e6ef5ae3126c59f90ce0cd6f2bfc477be31b7" },
    { url = "https://pypi.ops.eblu.me/root/pypi/+f/b3b/c83488de33889/pyyaml-6.0.3-cp314-cp314-manylinux2014_s390x.manylinux_2_17_s390x.manylinux_2_28_s390x.whl", hash = "sha256:b3bc83488de33889877a0f2543ade9f70c67d66d9ebb4ac959502e12de895788" },
    { url = "https://pypi.ops.eblu.me/root/pypi/+f/c45/8b6d084f9b935/pyyaml-6.0.3-cp314-cp314-manylinux2014_x86_64.manylinux_2_17_x86_64.manylinux_2_28_x86_64.whl", hash = "sha256:c458b6d084f9b935061bc36216e8a69a7e293a2f1e68bf956dcd9e6cbcd143f5" },
    { url = "https://pypi.ops.eblu.me/root/pypi/+f/7c6/610def4f16354/pyyaml-6.0.3-cp314-cp314-musllinux_1_2_aarch64.whl", hash = "sha256:7c6610def4f163542a622a73fb39f534f8c101d690126992300bf3207eab9764" },
    { url = "https://pypi.ops.eblu.me/root/pypi/+f/519/0d403f121660c/pyyaml-6.0.3-cp314-cp314-musllinux_1_2_x86_64.whl", hash = "sha256:5190d403f121660ce8d1d2c1bb2ef1bd05b5f68533fc5c2ea899bd15f4399b35" },
    { url = "https://pypi.ops.eblu.me/root/pypi/+f/4a2/e8cebe2ff6ab7/pyyaml-6.0.3-cp314-cp314-win_amd64.whl", hash = "sha256:4a2e8cebe2ff6ab7d1050ecd59c25d4c8bd7e6f400f5f82b96557ac0abafd0ac" },
    { url = "https://pypi.ops.eblu.me/root/pypi/+f/93d/da82c9c22deb0/pyyaml-6.0.3-cp314-cp314-win_arm64.whl", hash = "sha256:93dda82c9c22deb0a405ea4dc5f2d0cda384168e466364dec6255b293923b2f3" },
    { url = "https://pypi.ops.eblu.me/root/pypi/+f/028/93d100e99e03e/pyyaml-6.0.3-cp314-cp314t-macosx_10_13_x86_64.whl", hash = "sha256:02893d100e99e03eda1c8fd5c441d8c60103fd175728e23e431db1b589cf5ab3" },
    { url = "https://pypi.ops.eblu.me/root/pypi/+f/c1f/f362665ae5072/pyyaml-6.0.3-cp314-cp314t-macosx_11_0_arm64.whl", hash = "sha256:c1ff362665ae507275af2853520967820d9124984e0f7466736aea23d8611fba" },
    { url = "https://pypi.ops.eblu.me/root/pypi/+f/6ad/c77889b628398/pyyaml-6.0.3-cp314-cp314t-manylinux2014_aarch64.manylinux_2_17_aarch64.manylinux_2_28_aarch64.whl", hash = "sha256:6adc77889b628398debc7b65c073bcb99c4a0237b248cacaf3fe8a557563ef6c" },
    { url = "https://pypi.ops.eblu.me/root/pypi/+f/a80/cb027f6b34984/pyyaml-6.0.3-cp314-cp314t-manylinux2014_s390x.manylinux_2_17_s390x.manylinux_2_28_s390x.whl", hash = "sha256:a80cb027f6b349846a3bf6d73b5e95e782175e52f22108cfa17876aaeff93702" },
    { url = "https://pypi.ops.eblu.me/root/pypi/+f/00c/4bdeba853cc34/pyyaml-6.0.3-cp314-cp314t-manylinux2014_x86_64.manylinux_2_17_x86_64.manylinux_2_28_x86_64.whl", hash = "sha256:00c4bdeba853cc34e7dd471f16b4114f4162dc03e6b7afcc2128711f0eca823c" },
    { url = "https://pypi.ops.eblu.me/root/pypi/+f/66e/1674c3ef6f541/pyyaml-6.0.3-cp314-cp314t-musllinux_1_2_aarch64.whl", hash = "sha256:66e1674c3ef6f541c35191caae2d429b967b99e02040f5ba928632d9a7f0f065" },
    { url = "https://pypi.ops.eblu.me/root/pypi/+f/162/49ee61e95f858/pyyaml-6.0.3-cp314-cp314t-musllinux_1_2_x86_64.whl", hash = "sha256:16249ee61e95f858e83976573de0f5b2893b3677ba71c9dd36b9cf8be9ac6d65" },
    { url = "https://pypi.ops.eblu.me/root/pypi/+f/4ad/1906908f2f5ae/pyyaml-6.0.3-cp314-cp314t-win_amd64.whl", hash = "sha256:4ad1906908f2f5ae4e5a8ddfce73c320c2a1429ec52eafd27138b7f1cbe341c9" },
    { url = "https://pypi.ops.eblu.me/root/pypi/+f/ebc/55a14a21cb140/pyyaml-6.0.3-cp314-cp314t-win_arm64.whl", hash = "sha256:ebc55a14a21cb14062aa4162f906cd962b28e2e9ea38f9b4391244cd8de4ae0b" },
]

[[package]]
name = "rich"
version = "15.0.0"
source = { registry = "https://pypi.ops.eblu.me/root/pypi/+simple/" }
dependencies = [
    { name = "markdown-it-py" },
    { name = "pygments" },
]
sdist = { url = "https://pypi.ops.eblu.me/root/pypi/+f/edd/07a4824c6b401/rich-15.0.0.tar.gz", hash = "sha256:edd07a4824c6b40189fb7ac9bc4c52536e9780fbbfbddf6f1e2502c31b068c36" }
wheels = [
    { url = "https://pypi.ops.eblu.me/root/pypi/+f/33b/d4ef74232fb73/rich-15.0.0-py3-none-any.whl", hash = "sha256:33bd4ef74232fb73fe9279a257718407f169c09b78a87ad3d296f548e27de0bb" },
]

[[package]]
name = "shellingham"
version = "1.5.4"
source = { registry = "https://pypi.ops.eblu.me/root/pypi/+simple/" }
sdist = { url = "https://pypi.ops.eblu.me/root/pypi/+f/8db/ca0739d487e5b/shellingham-1.5.4.tar.gz", hash = "sha256:8dbca0739d487e5bd35ab3ca4b36e11c4078f3a234bfce294b0a0291363404de" }
wheels = [
    { url = "https://pypi.ops.eblu.me/root/pypi/+f/7ec/fff8f2fd72616/shellingham-1.5.4-py2.py3-none-any.whl", hash = "sha256:7ecfff8f2fd72616f7481040475a65b2bf8af90a56c89140852d1120324e8686" },
]

[[package]]
name = "socksio"
version = "1.0.0"
source = { registry = "https://pypi.ops.eblu.me/root/pypi/+simple/" }
sdist = { url = "https://pypi.ops.eblu.me/root/pypi/+f/f88/beb3da5b5c38b/socksio-1.0.0.tar.gz", hash = "sha256:f88beb3da5b5c38b9890469de67d0cb0f9d494b78b106ca1845f96c10b91c4ac" }
wheels = [
    { url = "https://pypi.ops.eblu.me/root/pypi/+f/95d/c1f15f9b34e8d/socksio-1.0.0-py3-none-any.whl", hash = "sha256:95dc1f15f9b34e8d7b16f06d74b8ccf48f609af32ab33c608d08761c5dcbb1f3" },
]

[[package]]
name = "ty"
version = "0.0.81"
source = { registry = "https://pypi.ops.eblu.me/root/pypi/+simple/" }
sdist = { url = "https://pypi.ops.eblu.me/root/pypi/+f/ef7/21aa649bf41d6/ty-0.0.81.tar.gz", hash = "sha256:ef721aa649bf41d665ba86e1ea726fd3feab6800e2c4887a062a704baf304ca8" }
wheels = [
    { url = "https://pypi.ops.eblu.me/root/pypi/+f/8e9/e3dd6edb14626/ty-0.0.81-py3-none-linux_armv6l.whl", hash = "sha256:8e9e3dd6edb1462633ddba2bf337d1c05023a5a13c2f315e445565c7ad43d247" },
    { url = "https://pypi.ops.eblu.me/root/pypi/+f/649/c350873e4b3e9/ty-0.0.81-py3-none-macosx_10_12_x86_64.whl", hash = "sha256:649c350873e4b3e937d856512ee57b8a345d80079cbead73a5308c2cdafe594c" },
    { url = "https://pypi.ops.eblu.me/root/pypi/+f/480/c78706ba78239/ty-0.0.81-py3-none-macosx_11_0_arm64.whl", hash = "sha256:480c78706ba78239f901d68cf1ba53e98b84aa51e19b9241daa0fb62fdecd2e2" },
    { url = "https://pypi.ops.eblu.me/root/pypi/+f/7cd/bfa4b634b1d21/ty-0.0.81-py3-none-manylinux_2_17_aarch64.manylinux2014_aarch64.whl", hash = "sha256:7cdbfa4b634b1d21542eedc11e424dedcc4871c2128d0d46b55b0089d3220492" },
    { url = "https://pypi.ops.eblu.me/root/pypi/+f/5f7/a34743a21669d/ty-0.0.81-py3-none-manylinux_2_17_armv7l.manylinux2014_armv7l.whl", hash = "sha256:5f7a34743a21669d4f3d5fda98c36189cb4d9dceee1415a8a42d7426d55995db" },
    { url = "https://pypi.ops.eblu.me/root/pypi/+f/742/eab849947bc10/ty-0.0.81-py3-none-manylinux_2_17_i686.manylinux2014_i686.whl", hash = "sha256:742eab849947bc10b4c09810d37bd743afe9502e114b7bcfd6389f0ae3f425aa" },
    { url = "https://pypi.ops.eblu.me/root/pypi/+f/2b4/cef395eee7007/ty-0.0.81-py3-none-manylinux_2_17_ppc64le.manylinux2014_ppc64le.whl", hash = "sha256:2b4cef395eee7007449aa3fc3fc8dc6bc58fe7a8956d56db078569061741bf52" },
    { url = "https://pypi.ops.eblu.me/root/pypi/+f/80c/f8c34973a1da2/ty-0.0.81-py3-none-manylinux_2_17_s390x.manylinux2014_s390x.whl", hash = "sha256:80cf8c34973a1da2ec2a043efcba8f4c0a984d45210957a8ddd2c16f2b8f8e85" },
    { url = "https://pypi.ops.eblu.me/root/pypi/+f/f37/a8f66c444eea2/ty-0.0.81-py3-none-manylinux_2_17_x86_64.manylinux2014_x86_64.whl", hash = "sha256:f37a8f66c444eea29f17adfe0664f42062520773f18031fd4913f28eb56d2966" },
    { url = "https://pypi.ops.eblu.me/root/pypi/+f/e81/34cc03e84a27f/ty-0.0.81-py3-none-manylinux_2_31_riscv64.whl", hash = "sha256:e8134cc03e84a27f409877b9b62053fd4aaac9c3ce0ce0fdace8b5ed58d78e04" },
    { url = "https://pypi.ops.eblu.me/root/pypi/+f/fb6/f269c5f14a070/ty-0.0.81-py3-none-musllinux_1_2_aarch64.whl", hash = "sha256:fb6f269c5f14a07047e05cbf3d06dd9a64a048050f736afcf744a180a272f034" },
    { url = "https://pypi.ops.eblu.me/root/pypi/+f/383/55a5e6294ebd3/ty-0.0.81-py3-none-musllinux_1_2_armv7l.whl", hash = "sha256:38355a5e6294ebd3cee616ed581d051963d61b293a1b3351c248747f73a45b74" },
    { url = "https://pypi.ops.eblu.me/root/pypi/+f/59a/35e128a983142/ty-0.0.81-py3-none-musllinux_1_2_i686.whl", hash = "sha256:59a35e128a9831423aee19db804aa8a1358ee3ce615b3fc0dec20d40bfd0d733" },
    { url = "https://pypi.ops.eblu.me/root/pypi/+f/f0f/4219fbc068ea3/ty-0.0.81-py3-none-musllinux_1_2_x86_64.whl", hash = "sha256:f0f4219fbc068ea3414fa804c6bd57ef4229a11884ab9ca71cd8308072520aad" },
    { url = "https://pypi.ops.eblu.me/root/pypi/+f/82f/f952e64ba4c4d/ty-0.0.81-py3-none-win32.whl", hash = "sha256:82ff952e64ba4c4da1c0c89723e326c768ae4f9ff20624dee04a51c3f4e4b96c" },
    { url = "https://pypi.ops.eblu.me/root/pypi/+f/ef8/2788744da0b7f/ty-0.0.81-py3-none-win_amd64.whl", hash = "sha256:ef82788744da0b7f2a598e4e9776f9c5998df4eef7e2750ae3a5537e7c734b69" },
    { url = "https://pypi.ops.eblu.me/root/pypi/+f/bdb/1563990c5d3ab/ty-0.0.81-py3-none-win_arm64.whl", hash = "sha256:bdb1563990c5d3abfe5a09e7512733f302773ede6a5d3e4e5c6ad46393d8df4d" },
]

[[package]]
name = "typer"
version = "0.27.2"
source = { registry = "https://pypi.ops.eblu.me/root/pypi/+simple/" }
dependencies = [
    { name = "annotated-doc" },
    { name = "colorama", marker = "sys_platform == 'win32'" },
    { name = "rich" },
    { name = "shellingham" },
]
sdist = { url = "https://pypi.ops.eblu.me/root/pypi/+f/269/b7eb9d3c202ca/typer-0.27.2.tar.gz", hash = "sha256:269b7eb9d3c202ca84b4bc9618cb04ebb43d3d4d1e567e4c768607232c05f945" }
wheels = [
    { url = "https://pypi.ops.eblu.me/root/pypi/+f/b3a/5fc4342d5fc8f/typer-0.27.2-py3-none-any.whl", hash = "sha256:b3a5fc4342d5fc8fda8fc3010b1cf117e9249aab7fae800c2eff62fd3842d97d" },
]

[[package]]
name = "typing-extensions"
version = "4.16.0"
source = { registry = "https://pypi.ops.eblu.me/root/pypi/+simple/" }
sdist = { url = "https://pypi.ops.eblu.me/root/pypi/+f/dc9/83d19a509c94d/typing_extensions-4.16.0.tar.gz", hash = "sha256:dc983d19a509c94dba722ee6abd33940f7c05a89e243c47e907eb4db6f1a43e5" }
wheels = [
    { url = "https://pypi.ops.eblu.me/root/pypi/+f/481/caa481374e813/typing_extensions-4.16.0-py3-none-any.whl", hash = "sha256:481caa481374e813c1b176ada14e97f1f67a4539ce9cfeb3f350d78d6370c2e8" },
]
